// !$*UTF8*$!
{
	archiveVersion = 1;
	classes = {
	};
	objectVersion = 46;
	objects = {

/* Begin PBXBuildFile section */
		4133687C1837757300617CC1 /* Foundation.framework in Frameworks */ = {isa = PBXBuildFile; fileRef = 4133687B1837757300617CC1 /* Foundation.framework */; };
		4133687E1837757300617CC1 /* CoreGraphics.framework in Frameworks */ = {isa = PBXBuildFile; fileRef = 4133687D1837757300617CC1 /* CoreGraphics.framework */; };
		413368801837757300617CC1 /* UIKit.framework in Frameworks */ = {isa = PBXBuildFile; fileRef = 4133687F1837757300617CC1 /* UIKit.framework */; };
		413368861837757300617CC1 /* InfoPlist.strings in Resources */ = {isa = PBXBuildFile; fileRef = 413368841837757300617CC1 /* InfoPlist.strings */; };
		413368881837757300617CC1 /* main.m in Sources */ = {isa = PBXBuildFile; fileRef = 413368871837757300617CC1 /* main.m */; };
		4133688C1837757300617CC1 /* AppDelegate.m in Sources */ = {isa = PBXBuildFile; fileRef = 4133688B1837757300617CC1 /* AppDelegate.m */; };
		4133688F1837757300617CC1 /* Main.storyboard in Resources */ = {isa = PBXBuildFile; fileRef = 4133688D1837757300617CC1 /* Main.storyboard */; };
		413368941837757300617CC1 /* Images.xcassets in Resources */ = {isa = PBXBuildFile; fileRef = 413368931837757300617CC1 /* Images.xcassets */; };
		4133689B1837757300617CC1 /* XCTest.framework in Frameworks */ = {isa = PBXBuildFile; fileRef = 4133689A1837757300617CC1 /* XCTest.framework */; };
		4133689C1837757300617CC1 /* Foundation.framework in Frameworks */ = {isa = PBXBuildFile; fileRef = 4133687B1837757300617CC1 /* Foundation.framework */; };
		4133689D1837757300617CC1 /* UIKit.framework in Frameworks */ = {isa = PBXBuildFile; fileRef = 4133687F1837757300617CC1 /* UIKit.framework */; };
		413368A51837757300617CC1 /* InfoPlist.strings in Resources */ = {isa = PBXBuildFile; fileRef = 413368A31837757300617CC1 /* InfoPlist.strings */; };
		413368A71837757300617CC1 /* DiaBEATitTests.m in Sources */ = {isa = PBXBuildFile; fileRef = 413368A61837757300617CC1 /* DiaBEATitTests.m */; };
		41AE2F8F1839958C0048B41B /* libsqlite3.dylib in Frameworks */ = {isa = PBXBuildFile; fileRef = 41AE2F8E1839958C0048B41B /* libsqlite3.dylib */; };
		41AE2F97183C59DD0048B41B /* diaBEATit.sqlite3 in Resources */ = {isa = PBXBuildFile; fileRef = 41AE2F96183C59DD0048B41B /* diaBEATit.sqlite3 */; };
		41AE2F9A183C5C9A0048B41B /* Exam.m in Sources */ = {isa = PBXBuildFile; fileRef = 41AE2F99183C5C9A0048B41B /* Exam.m */; };
		5016155318382EA4003AAD33 /* LogsHomeViewController.m in Sources */ = {isa = PBXBuildFile; fileRef = 5016155218382EA4003AAD33 /* LogsHomeViewController.m */; };
		5016155C18382EBE003AAD33 /* MedicationHomeViewController.m in Sources */ = {isa = PBXBuildFile; fileRef = 5016155B18382EBE003AAD33 /* MedicationHomeViewController.m */; };
		5016156218384016003AAD33 /* SDSegmentedControl.m in Sources */ = {isa = PBXBuildFile; fileRef = 5016156118384016003AAD33 /* SDSegmentedControl.m */; };
		501615651838408D003AAD33 /* QuartzCore.framework in Frameworks */ = {isa = PBXBuildFile; fileRef = 501615641838408D003AAD33 /* QuartzCore.framework */; };
		50312DF8183C701800717B6E /* LogTableViewController.m in Sources */ = {isa = PBXBuildFile; fileRef = 50312DF7183C701800717B6E /* LogTableViewController.m */; };
		50312DFB183C7B2600717B6E /* 10-medical.png in Resources */ = {isa = PBXBuildFile; fileRef = 50312DFA183C7B2600717B6E /* 10-medical.png */; };
		50312DFE183C7C3F00717B6E /* ExamTableViewController.m in Sources */ = {isa = PBXBuildFile; fileRef = 50312DFD183C7C3F00717B6E /* ExamTableViewController.m */; };
		50312E02183CAA6C00717B6E /* DiabetesLogCell.m in Sources */ = {isa = PBXBuildFile; fileRef = 50312E01183CAA6C00717B6E /* DiabetesLogCell.m */; };
		50312E05183CAA7A00717B6E /* HypertensionLogCell.m in Sources */ = {isa = PBXBuildFile; fileRef = 50312E04183CAA7A00717B6E /* HypertensionLogCell.m */; };
		50312E08183CD22600717B6E /* AddHyperTensionLogTableViewController.m in Sources */ = {isa = PBXBuildFile; fileRef = 50312E07183CD22600717B6E /* AddHyperTensionLogTableViewController.m */; };
		50312E0B183CD90E00717B6E /* DiabetesLogViewController.m in Sources */ = {isa = PBXBuildFile; fileRef = 50312E0A183CD90E00717B6E /* DiabetesLogViewController.m */; };
		50312E0E183CD91D00717B6E /* HypertensionLogViewController.m in Sources */ = {isa = PBXBuildFile; fileRef = 50312E0D183CD91D00717B6E /* HypertensionLogViewController.m */; };
		50312E11183CDA3B00717B6E /* MedicationViewController.m in Sources */ = {isa = PBXBuildFile; fileRef = 50312E10183CDA3B00717B6E /* MedicationViewController.m */; };
		50312E14183CDE4400717B6E /* AddMedicationTableViewController.m in Sources */ = {isa = PBXBuildFile; fileRef = 50312E13183CDE4400717B6E /* AddMedicationTableViewController.m */; };
		5056747D18386E2300842CC0 /* MedicationTableViewController.m in Sources */ = {isa = PBXBuildFile; fileRef = 5056747C18386E2300842CC0 /* MedicationTableViewController.m */; };
		5056748018386EEF00842CC0 /* MedicationTableViewCell.m in Sources */ = {isa = PBXBuildFile; fileRef = 5056747F18386EEF00842CC0 /* MedicationTableViewCell.m */; };
		505674861838A89100842CC0 /* SplashScreenViewController.m in Sources */ = {isa = PBXBuildFile; fileRef = 505674851838A89100842CC0 /* SplashScreenViewController.m */; };
		5056748B1838D07F00842CC0 /* 179-notepad.png in Resources */ = {isa = PBXBuildFile; fileRef = 5056748A1838D07F00842CC0 /* 179-notepad.png */; };
		5056748D1838D09000842CC0 /* 94-pill.png in Resources */ = {isa = PBXBuildFile; fileRef = 5056748C1838D09000842CC0 /* 94-pill.png */; };
		5056748F1838D0B300842CC0 /* 122-stats.png in Resources */ = {isa = PBXBuildFile; fileRef = 5056748E1838D0B300842CC0 /* 122-stats.png */; };
		505674911838D11A00842CC0 /* 111-user.png in Resources */ = {isa = PBXBuildFile; fileRef = 505674901838D11A00842CC0 /* 111-user.png */; };
		505674941838D79B00842CC0 /* ProfileViewController.m in Sources */ = {isa = PBXBuildFile; fileRef = 505674931838D79B00842CC0 /* ProfileViewController.m */; };
		5056749D1838E8FF00842CC0 /* TrendsHomeViewController.m in Sources */ = {isa = PBXBuildFile; fileRef = 5056749C1838E8FF00842CC0 /* TrendsHomeViewController.m */; };
		505674A31838E98900842CC0 /* Medication.m in Sources */ = {isa = PBXBuildFile; fileRef = 505674A21838E98900842CC0 /* Medication.m */; };
		505674A61838E9DD00842CC0 /* Profile.m in Sources */ = {isa = PBXBuildFile; fileRef = 505674A51838E9DD00842CC0 /* Profile.m */; };
		505674AA1838EA2000842CC0 /* DiabetesLog.m in Sources */ = {isa = PBXBuildFile; fileRef = 505674A91838EA2000842CC0 /* DiabetesLog.m */; };
		505674AD1838EAB400842CC0 /* HypertensionLog.m in Sources */ = {isa = PBXBuildFile; fileRef = 505674AC1838EAB400842CC0 /* HypertensionLog.m */; };
		505674BD1838EDF200842CC0 /* diabeetus_29.png in Resources */ = {isa = PBXBuildFile; fileRef = 505674BA1838EDF200842CC0 /* diabeetus_29.png */; };
		505674BE1838EDF200842CC0 /* diabeetus_40.png in Resources */ = {isa = PBXBuildFile; fileRef = 505674BB1838EDF200842CC0 /* diabeetus_40.png */; };
		505674BF1838EDF200842CC0 /* diabeetus_60.png in Resources */ = {isa = PBXBuildFile; fileRef = 505674BC1838EDF200842CC0 /* diabeetus_60.png */; };
		505674C81839A2FB00842CC0 /* AddHypertensionLogViewController.m in Sources */ = {isa = PBXBuildFile; fileRef = 505674C71839A2FB00842CC0 /* AddHypertensionLogViewController.m */; };
		505674D9183BE11100842CC0 /* SecondaryLogViewController.m in Sources */ = {isa = PBXBuildFile; fileRef = 505674D8183BE11100842CC0 /* SecondaryLogViewController.m */; };
		505674DC183C2F4E00842CC0 /* AddDiabetesLogTableViewController.m in Sources */ = {isa = PBXBuildFile; fileRef = 505674DB183C2F4E00842CC0 /* AddDiabetesLogTableViewController.m */; };
/* End PBXBuildFile section */

/* Begin PBXContainerItemProxy section */
		4133689E1837757300617CC1 /* PBXContainerItemProxy */ = {
			isa = PBXContainerItemProxy;
			containerPortal = 413368701837757300617CC1 /* Project object */;
			proxyType = 1;
			remoteGlobalIDString = 413368771837757300617CC1;
			remoteInfo = DiaBEATit;
		};
/* End PBXContainerItemProxy section */

/* Begin PBXFileReference section */
		413368781837757300617CC1 /* DiaBEATit.app */ = {isa = PBXFileReference; explicitFileType = wrapper.application; includeInIndex = 0; path = DiaBEATit.app; sourceTree = BUILT_PRODUCTS_DIR; };
		4133687B1837757300617CC1 /* Foundation.framework */ = {isa = PBXFileReference; lastKnownFileType = wrapper.framework; name = Foundation.framework; path = System/Library/Frameworks/Foundation.framework; sourceTree = SDKROOT; };
		4133687D1837757300617CC1 /* CoreGraphics.framework */ = {isa = PBXFileReference; lastKnownFileType = wrapper.framework; name = CoreGraphics.framework; path = System/Library/Frameworks/CoreGraphics.framework; sourceTree = SDKROOT; };
		4133687F1837757300617CC1 /* UIKit.framework */ = {isa = PBXFileReference; lastKnownFileType = wrapper.framework; name = UIKit.framework; path = System/Library/Frameworks/UIKit.framework; sourceTree = SDKROOT; };
		413368831837757300617CC1 /* DiaBEATit-Info.plist */ = {isa = PBXFileReference; lastKnownFileType = text.plist.xml; path = "DiaBEATit-Info.plist"; sourceTree = "<group>"; };
		413368851837757300617CC1 /* en */ = {isa = PBXFileReference; lastKnownFileType = text.plist.strings; name = en; path = en.lproj/InfoPlist.strings; sourceTree = "<group>"; };
		413368871837757300617CC1 /* main.m */ = {isa = PBXFileReference; lastKnownFileType = sourcecode.c.objc; path = main.m; sourceTree = "<group>"; };
		413368891837757300617CC1 /* DiaBEATit-Prefix.pch */ = {isa = PBXFileReference; lastKnownFileType = sourcecode.c.h; path = "DiaBEATit-Prefix.pch"; sourceTree = "<group>"; };
		4133688A1837757300617CC1 /* AppDelegate.h */ = {isa = PBXFileReference; lastKnownFileType = sourcecode.c.h; path = AppDelegate.h; sourceTree = "<group>"; };
		4133688B1837757300617CC1 /* AppDelegate.m */ = {isa = PBXFileReference; lastKnownFileType = sourcecode.c.objc; path = AppDelegate.m; sourceTree = "<group>"; };
		4133688E1837757300617CC1 /* Base */ = {isa = PBXFileReference; lastKnownFileType = file.storyboard; name = Base; path = Base.lproj/Main.storyboard; sourceTree = "<group>"; };
		413368931837757300617CC1 /* Images.xcassets */ = {isa = PBXFileReference; lastKnownFileType = folder.assetcatalog; name = Images.xcassets; path = DiaBEATit/Images.xcassets; sourceTree = "<group>"; };
		413368991837757300617CC1 /* DiaBEATitTests.xctest */ = {isa = PBXFileReference; explicitFileType = wrapper.cfbundle; includeInIndex = 0; path = DiaBEATitTests.xctest; sourceTree = BUILT_PRODUCTS_DIR; };
		4133689A1837757300617CC1 /* XCTest.framework */ = {isa = PBXFileReference; lastKnownFileType = wrapper.framework; name = XCTest.framework; path = Library/Frameworks/XCTest.framework; sourceTree = DEVELOPER_DIR; };
		413368A21837757300617CC1 /* DiaBEATitTests-Info.plist */ = {isa = PBXFileReference; lastKnownFileType = text.plist.xml; path = "DiaBEATitTests-Info.plist"; sourceTree = "<group>"; };
		413368A41837757300617CC1 /* en */ = {isa = PBXFileReference; lastKnownFileType = text.plist.strings; name = en; path = en.lproj/InfoPlist.strings; sourceTree = "<group>"; };
		413368A61837757300617CC1 /* DiaBEATitTests.m */ = {isa = PBXFileReference; lastKnownFileType = sourcecode.c.objc; path = DiaBEATitTests.m; sourceTree = "<group>"; };
		41AE2F8E1839958C0048B41B /* libsqlite3.dylib */ = {isa = PBXFileReference; lastKnownFileType = "compiled.mach-o.dylib"; name = libsqlite3.dylib; path = usr/lib/libsqlite3.dylib; sourceTree = SDKROOT; };
		41AE2F96183C59DD0048B41B /* diaBEATit.sqlite3 */ = {isa = PBXFileReference; lastKnownFileType = file; path = diaBEATit.sqlite3; sourceTree = "<group>"; };
		41AE2F98183C5C9A0048B41B /* Exam.h */ = {isa = PBXFileReference; fileEncoding = 4; lastKnownFileType = sourcecode.c.h; path = Exam.h; sourceTree = "<group>"; };
		41AE2F99183C5C9A0048B41B /* Exam.m */ = {isa = PBXFileReference; fileEncoding = 4; lastKnownFileType = sourcecode.c.objc; path = Exam.m; sourceTree = "<group>"; };
		5016155118382EA4003AAD33 /* LogsHomeViewController.h */ = {isa = PBXFileReference; fileEncoding = 4; lastKnownFileType = sourcecode.c.h; path = LogsHomeViewController.h; sourceTree = "<group>"; };
		5016155218382EA4003AAD33 /* LogsHomeViewController.m */ = {isa = PBXFileReference; fileEncoding = 4; lastKnownFileType = sourcecode.c.objc; path = LogsHomeViewController.m; sourceTree = "<group>"; };
		5016155A18382EBE003AAD33 /* MedicationHomeViewController.h */ = {isa = PBXFileReference; fileEncoding = 4; lastKnownFileType = sourcecode.c.h; path = MedicationHomeViewController.h; sourceTree = "<group>"; };
		5016155B18382EBE003AAD33 /* MedicationHomeViewController.m */ = {isa = PBXFileReference; fileEncoding = 4; lastKnownFileType = sourcecode.c.objc; path = MedicationHomeViewController.m; sourceTree = "<group>"; };
		5016156018384016003AAD33 /* SDSegmentedControl.h */ = {isa = PBXFileReference; fileEncoding = 4; lastKnownFileType = sourcecode.c.h; path = SDSegmentedControl.h; sourceTree = "<group>"; };
		5016156118384016003AAD33 /* SDSegmentedControl.m */ = {isa = PBXFileReference; fileEncoding = 4; lastKnownFileType = sourcecode.c.objc; path = SDSegmentedControl.m; sourceTree = "<group>"; };
		501615641838408D003AAD33 /* QuartzCore.framework */ = {isa = PBXFileReference; lastKnownFileType = wrapper.framework; name = QuartzCore.framework; path = System/Library/Frameworks/QuartzCore.framework; sourceTree = SDKROOT; };
		50312DF6183C701800717B6E /* LogTableViewController.h */ = {isa = PBXFileReference; fileEncoding = 4; lastKnownFileType = sourcecode.c.h; path = LogTableViewController.h; sourceTree = "<group>"; };
		50312DF7183C701800717B6E /* LogTableViewController.m */ = {isa = PBXFileReference; fileEncoding = 4; lastKnownFileType = sourcecode.c.objc; path = LogTableViewController.m; sourceTree = "<group>"; };
		50312DFA183C7B2600717B6E /* 10-medical.png */ = {isa = PBXFileReference; lastKnownFileType = image.png; path = "10-medical.png"; sourceTree = "<group>"; };
		50312DFC183C7C3F00717B6E /* ExamTableViewController.h */ = {isa = PBXFileReference; fileEncoding = 4; lastKnownFileType = sourcecode.c.h; path = ExamTableViewController.h; sourceTree = "<group>"; };
		50312DFD183C7C3F00717B6E /* ExamTableViewController.m */ = {isa = PBXFileReference; fileEncoding = 4; lastKnownFileType = sourcecode.c.objc; path = ExamTableViewController.m; sourceTree = "<group>"; };
		50312E00183CAA6C00717B6E /* DiabetesLogCell.h */ = {isa = PBXFileReference; fileEncoding = 4; lastKnownFileType = sourcecode.c.h; path = DiabetesLogCell.h; sourceTree = "<group>"; };
		50312E01183CAA6C00717B6E /* DiabetesLogCell.m */ = {isa = PBXFileReference; fileEncoding = 4; lastKnownFileType = sourcecode.c.objc; path = DiabetesLogCell.m; sourceTree = "<group>"; };
		50312E03183CAA7A00717B6E /* HypertensionLogCell.h */ = {isa = PBXFileReference; fileEncoding = 4; lastKnownFileType = sourcecode.c.h; path = HypertensionLogCell.h; sourceTree = "<group>"; };
		50312E04183CAA7A00717B6E /* HypertensionLogCell.m */ = {isa = PBXFileReference; fileEncoding = 4; lastKnownFileType = sourcecode.c.objc; path = HypertensionLogCell.m; sourceTree = "<group>"; };
		50312E06183CD22600717B6E /* AddHyperTensionLogTableViewController.h */ = {isa = PBXFileReference; fileEncoding = 4; lastKnownFileType = sourcecode.c.h; path = AddHyperTensionLogTableViewController.h; sourceTree = "<group>"; };
		50312E07183CD22600717B6E /* AddHyperTensionLogTableViewController.m */ = {isa = PBXFileReference; fileEncoding = 4; lastKnownFileType = sourcecode.c.objc; path = AddHyperTensionLogTableViewController.m; sourceTree = "<group>"; };
		50312E09183CD90E00717B6E /* DiabetesLogViewController.h */ = {isa = PBXFileReference; fileEncoding = 4; lastKnownFileType = sourcecode.c.h; path = DiabetesLogViewController.h; sourceTree = "<group>"; };
		50312E0A183CD90E00717B6E /* DiabetesLogViewController.m */ = {isa = PBXFileReference; fileEncoding = 4; lastKnownFileType = sourcecode.c.objc; path = DiabetesLogViewController.m; sourceTree = "<group>"; };
		50312E0C183CD91D00717B6E /* HypertensionLogViewController.h */ = {isa = PBXFileReference; fileEncoding = 4; lastKnownFileType = sourcecode.c.h; path = HypertensionLogViewController.h; sourceTree = "<group>"; };
		50312E0D183CD91D00717B6E /* HypertensionLogViewController.m */ = {isa = PBXFileReference; fileEncoding = 4; lastKnownFileType = sourcecode.c.objc; path = HypertensionLogViewController.m; sourceTree = "<group>"; };
		50312E0F183CDA3A00717B6E /* MedicationViewController.h */ = {isa = PBXFileReference; fileEncoding = 4; lastKnownFileType = sourcecode.c.h; path = MedicationViewController.h; sourceTree = "<group>"; };
		50312E10183CDA3B00717B6E /* MedicationViewController.m */ = {isa = PBXFileReference; fileEncoding = 4; lastKnownFileType = sourcecode.c.objc; path = MedicationViewController.m; sourceTree = "<group>"; };
		50312E12183CDE4400717B6E /* AddMedicationTableViewController.h */ = {isa = PBXFileReference; fileEncoding = 4; lastKnownFileType = sourcecode.c.h; path = AddMedicationTableViewController.h; sourceTree = "<group>"; };
		50312E13183CDE4400717B6E /* AddMedicationTableViewController.m */ = {isa = PBXFileReference; fileEncoding = 4; lastKnownFileType = sourcecode.c.objc; path = AddMedicationTableViewController.m; sourceTree = "<group>"; };
		5056747B18386E2300842CC0 /* MedicationTableViewController.h */ = {isa = PBXFileReference; fileEncoding = 4; lastKnownFileType = sourcecode.c.h; path = MedicationTableViewController.h; sourceTree = "<group>"; };
		5056747C18386E2300842CC0 /* MedicationTableViewController.m */ = {isa = PBXFileReference; fileEncoding = 4; lastKnownFileType = sourcecode.c.objc; path = MedicationTableViewController.m; sourceTree = "<group>"; };
		5056747E18386EEF00842CC0 /* MedicationTableViewCell.h */ = {isa = PBXFileReference; fileEncoding = 4; lastKnownFileType = sourcecode.c.h; path = MedicationTableViewCell.h; sourceTree = "<group>"; };
		5056747F18386EEF00842CC0 /* MedicationTableViewCell.m */ = {isa = PBXFileReference; fileEncoding = 4; lastKnownFileType = sourcecode.c.objc; path = MedicationTableViewCell.m; sourceTree = "<group>"; };
		505674841838A89100842CC0 /* SplashScreenViewController.h */ = {isa = PBXFileReference; fileEncoding = 4; lastKnownFileType = sourcecode.c.h; path = SplashScreenViewController.h; sourceTree = "<group>"; };
		505674851838A89100842CC0 /* SplashScreenViewController.m */ = {isa = PBXFileReference; fileEncoding = 4; lastKnownFileType = sourcecode.c.objc; path = SplashScreenViewController.m; sourceTree = "<group>"; };
		5056748A1838D07F00842CC0 /* 179-notepad.png */ = {isa = PBXFileReference; lastKnownFileType = image.png; path = "179-notepad.png"; sourceTree = "<group>"; };
		5056748C1838D09000842CC0 /* 94-pill.png */ = {isa = PBXFileReference; lastKnownFileType = image.png; path = "94-pill.png"; sourceTree = "<group>"; };
		5056748E1838D0B300842CC0 /* 122-stats.png */ = {isa = PBXFileReference; lastKnownFileType = image.png; path = "122-stats.png"; sourceTree = "<group>"; };
		505674901838D11A00842CC0 /* 111-user.png */ = {isa = PBXFileReference; lastKnownFileType = image.png; path = "111-user.png"; sourceTree = "<group>"; };
		505674921838D79B00842CC0 /* ProfileViewController.h */ = {isa = PBXFileReference; fileEncoding = 4; lastKnownFileType = sourcecode.c.h; path = ProfileViewController.h; sourceTree = "<group>"; };
		505674931838D79B00842CC0 /* ProfileViewController.m */ = {isa = PBXFileReference; fileEncoding = 4; lastKnownFileType = sourcecode.c.objc; path = ProfileViewController.m; sourceTree = "<group>"; };
		5056749B1838E8FF00842CC0 /* TrendsHomeViewController.h */ = {isa = PBXFileReference; fileEncoding = 4; lastKnownFileType = sourcecode.c.h; path = TrendsHomeViewController.h; sourceTree = "<group>"; };
		5056749C1838E8FF00842CC0 /* TrendsHomeViewController.m */ = {isa = PBXFileReference; fileEncoding = 4; lastKnownFileType = sourcecode.c.objc; path = TrendsHomeViewController.m; sourceTree = "<group>"; };
		505674A11838E98900842CC0 /* Medication.h */ = {isa = PBXFileReference; fileEncoding = 4; lastKnownFileType = sourcecode.c.h; path = Medication.h; sourceTree = "<group>"; };
		505674A21838E98900842CC0 /* Medication.m */ = {isa = PBXFileReference; fileEncoding = 4; lastKnownFileType = sourcecode.c.objc; path = Medication.m; sourceTree = "<group>"; };
		505674A41838E9DD00842CC0 /* Profile.h */ = {isa = PBXFileReference; fileEncoding = 4; lastKnownFileType = sourcecode.c.h; path = Profile.h; sourceTree = "<group>"; };
		505674A51838E9DD00842CC0 /* Profile.m */ = {isa = PBXFileReference; fileEncoding = 4; lastKnownFileType = sourcecode.c.objc; path = Profile.m; sourceTree = "<group>"; };
		505674A81838EA2000842CC0 /* DiabetesLog.h */ = {isa = PBXFileReference; fileEncoding = 4; lastKnownFileType = sourcecode.c.h; path = DiabetesLog.h; sourceTree = "<group>"; };
		505674A91838EA2000842CC0 /* DiabetesLog.m */ = {isa = PBXFileReference; fileEncoding = 4; lastKnownFileType = sourcecode.c.objc; path = DiabetesLog.m; sourceTree = "<group>"; };
		505674AB1838EAB400842CC0 /* HypertensionLog.h */ = {isa = PBXFileReference; fileEncoding = 4; lastKnownFileType = sourcecode.c.h; path = HypertensionLog.h; sourceTree = "<group>"; };
		505674AC1838EAB400842CC0 /* HypertensionLog.m */ = {isa = PBXFileReference; fileEncoding = 4; lastKnownFileType = sourcecode.c.objc; path = HypertensionLog.m; sourceTree = "<group>"; };
		505674BA1838EDF200842CC0 /* diabeetus_29.png */ = {isa = PBXFileReference; lastKnownFileType = image.png; path = diabeetus_29.png; sourceTree = "<group>"; };
		505674BB1838EDF200842CC0 /* diabeetus_40.png */ = {isa = PBXFileReference; lastKnownFileType = image.png; path = diabeetus_40.png; sourceTree = "<group>"; };
		505674BC1838EDF200842CC0 /* diabeetus_60.png */ = {isa = PBXFileReference; lastKnownFileType = image.png; path = diabeetus_60.png; sourceTree = "<group>"; };
		505674C61839A2FB00842CC0 /* AddHypertensionLogViewController.h */ = {isa = PBXFileReference; fileEncoding = 4; lastKnownFileType = sourcecode.c.h; path = AddHypertensionLogViewController.h; sourceTree = "<group>"; };
		505674C71839A2FB00842CC0 /* AddHypertensionLogViewController.m */ = {isa = PBXFileReference; fileEncoding = 4; lastKnownFileType = sourcecode.c.objc; path = AddHypertensionLogViewController.m; sourceTree = "<group>"; };
		505674D7183BE11100842CC0 /* SecondaryLogViewController.h */ = {isa = PBXFileReference; fileEncoding = 4; lastKnownFileType = sourcecode.c.h; path = SecondaryLogViewController.h; sourceTree = "<group>"; };
		505674D8183BE11100842CC0 /* SecondaryLogViewController.m */ = {isa = PBXFileReference; fileEncoding = 4; lastKnownFileType = sourcecode.c.objc; path = SecondaryLogViewController.m; sourceTree = "<group>"; };
		505674DA183C2F4E00842CC0 /* AddDiabetesLogTableViewController.h */ = {isa = PBXFileReference; fileEncoding = 4; lastKnownFileType = sourcecode.c.h; path = AddDiabetesLogTableViewController.h; sourceTree = "<group>"; };
		505674DB183C2F4E00842CC0 /* AddDiabetesLogTableViewController.m */ = {isa = PBXFileReference; fileEncoding = 4; lastKnownFileType = sourcecode.c.objc; path = AddDiabetesLogTableViewController.m; sourceTree = "<group>"; };
/* End PBXFileReference section */

/* Begin PBXFrameworksBuildPhase section */
		413368751837757300617CC1 /* Frameworks */ = {
			isa = PBXFrameworksBuildPhase;
			buildActionMask = 2147483647;
			files = (
				41AE2F8F1839958C0048B41B /* libsqlite3.dylib in Frameworks */,
				501615651838408D003AAD33 /* QuartzCore.framework in Frameworks */,
				4133687E1837757300617CC1 /* CoreGraphics.framework in Frameworks */,
				413368801837757300617CC1 /* UIKit.framework in Frameworks */,
				4133687C1837757300617CC1 /* Foundation.framework in Frameworks */,
			);
			runOnlyForDeploymentPostprocessing = 0;
		};
		413368961837757300617CC1 /* Frameworks */ = {
			isa = PBXFrameworksBuildPhase;
			buildActionMask = 2147483647;
			files = (
				4133689B1837757300617CC1 /* XCTest.framework in Frameworks */,
				4133689D1837757300617CC1 /* UIKit.framework in Frameworks */,
				4133689C1837757300617CC1 /* Foundation.framework in Frameworks */,
			);
			runOnlyForDeploymentPostprocessing = 0;
		};
/* End PBXFrameworksBuildPhase section */

/* Begin PBXGroup section */
		4133686F1837757300617CC1 = {
			isa = PBXGroup;
			children = (
				41AE2F96183C59DD0048B41B /* diaBEATit.sqlite3 */,
				413368811837757300617CC1 /* DiaBEATit */,
				413368931837757300617CC1 /* Images.xcassets */,
				413368A01837757300617CC1 /* DiaBEATitTests */,
				4133687A1837757300617CC1 /* Frameworks */,
				413368791837757300617CC1 /* Products */,
			);
			sourceTree = "<group>";
		};
		413368791837757300617CC1 /* Products */ = {
			isa = PBXGroup;
			children = (
				413368781837757300617CC1 /* DiaBEATit.app */,
				413368991837757300617CC1 /* DiaBEATitTests.xctest */,
			);
			name = Products;
			sourceTree = "<group>";
		};
		4133687A1837757300617CC1 /* Frameworks */ = {
			isa = PBXGroup;
			children = (
				41AE2F8E1839958C0048B41B /* libsqlite3.dylib */,
				501615641838408D003AAD33 /* QuartzCore.framework */,
				4133687B1837757300617CC1 /* Foundation.framework */,
				4133687D1837757300617CC1 /* CoreGraphics.framework */,
				4133687F1837757300617CC1 /* UIKit.framework */,
				4133689A1837757300617CC1 /* XCTest.framework */,
			);
			name = Frameworks;
			sourceTree = "<group>";
		};
		413368811837757300617CC1 /* DiaBEATit */ = {
			isa = PBXGroup;
			children = (
				4133688D1837757300617CC1 /* Main.storyboard */,
				505674841838A89100842CC0 /* SplashScreenViewController.h */,
				505674851838A89100842CC0 /* SplashScreenViewController.m */,
				5056749E1838E92800842CC0 /* Logs */,
				505674A01838E94300842CC0 /* Trends */,
				505674971838E89A00842CC0 /* Medication */,
				50312DFF183C7C4200717B6E /* Exams */,
				5056749F1838E93A00842CC0 /* Profile */,
				505674951838E84700842CC0 /* Model */,
				501615631838401C003AAD33 /* External Libraries */,
				413368821837757300617CC1 /* Supporting Files */,
			);
			path = DiaBEATit;
			sourceTree = "<group>";
		};
		413368821837757300617CC1 /* Supporting Files */ = {
			isa = PBXGroup;
			children = (
				50312DFA183C7B2600717B6E /* 10-medical.png */,
				505674901838D11A00842CC0 /* 111-user.png */,
				505674BA1838EDF200842CC0 /* diabeetus_29.png */,
				505674BB1838EDF200842CC0 /* diabeetus_40.png */,
				505674BC1838EDF200842CC0 /* diabeetus_60.png */,
				5056748E1838D0B300842CC0 /* 122-stats.png */,
				5056748C1838D09000842CC0 /* 94-pill.png */,
				5056748A1838D07F00842CC0 /* 179-notepad.png */,
				4133688A1837757300617CC1 /* AppDelegate.h */,
				4133688B1837757300617CC1 /* AppDelegate.m */,
				413368831837757300617CC1 /* DiaBEATit-Info.plist */,
				413368841837757300617CC1 /* InfoPlist.strings */,
				413368871837757300617CC1 /* main.m */,
				413368891837757300617CC1 /* DiaBEATit-Prefix.pch */,
			);
			name = "Supporting Files";
			sourceTree = "<group>";
		};
		413368A01837757300617CC1 /* DiaBEATitTests */ = {
			isa = PBXGroup;
			children = (
				413368A61837757300617CC1 /* DiaBEATitTests.m */,
				413368A11837757300617CC1 /* Supporting Files */,
			);
			path = DiaBEATitTests;
			sourceTree = "<group>";
		};
		413368A11837757300617CC1 /* Supporting Files */ = {
			isa = PBXGroup;
			children = (
				413368A21837757300617CC1 /* DiaBEATitTests-Info.plist */,
				413368A31837757300617CC1 /* InfoPlist.strings */,
			);
			name = "Supporting Files";
			sourceTree = "<group>";
		};
		501615631838401C003AAD33 /* External Libraries */ = {
			isa = PBXGroup;
			children = (
				5016156018384016003AAD33 /* SDSegmentedControl.h */,
				5016156118384016003AAD33 /* SDSegmentedControl.m */,
			);
			name = "External Libraries";
			sourceTree = "<group>";
		};
		50312DFF183C7C4200717B6E /* Exams */ = {
			isa = PBXGroup;
			children = (
				50312DFC183C7C3F00717B6E /* ExamTableViewController.h */,
				50312DFD183C7C3F00717B6E /* ExamTableViewController.m */,
			);
			name = Exams;
			sourceTree = "<group>";
		};
		505674951838E84700842CC0 /* Model */ = {
			isa = PBXGroup;
			children = (
				505674A11838E98900842CC0 /* Medication.h */,
				505674A21838E98900842CC0 /* Medication.m */,
				505674A41838E9DD00842CC0 /* Profile.h */,
				505674A51838E9DD00842CC0 /* Profile.m */,
				505674A81838EA2000842CC0 /* DiabetesLog.h */,
				505674A91838EA2000842CC0 /* DiabetesLog.m */,
				505674AB1838EAB400842CC0 /* HypertensionLog.h */,
				505674AC1838EAB400842CC0 /* HypertensionLog.m */,
				41AE2F98183C5C9A0048B41B /* Exam.h */,
				41AE2F99183C5C9A0048B41B /* Exam.m */,
			);
			name = Model;
			sourceTree = "<group>";
		};
		505674971838E89A00842CC0 /* Medication */ = {
			isa = PBXGroup;
			children = (
				5016155A18382EBE003AAD33 /* MedicationHomeViewController.h */,
				5016155B18382EBE003AAD33 /* MedicationHomeViewController.m */,
				5056747B18386E2300842CC0 /* MedicationTableViewController.h */,
				5056747C18386E2300842CC0 /* MedicationTableViewController.m */,
				5056747E18386EEF00842CC0 /* MedicationTableViewCell.h */,
				5056747F18386EEF00842CC0 /* MedicationTableViewCell.m */,
				50312E0F183CDA3A00717B6E /* MedicationViewController.h */,
				50312E10183CDA3B00717B6E /* MedicationViewController.m */,
				50312E12183CDE4400717B6E /* AddMedicationTableViewController.h */,
				50312E13183CDE4400717B6E /* AddMedicationTableViewController.m */,
			);
			name = Medication;
			sourceTree = "<group>";
		};
		5056749E1838E92800842CC0 /* Logs */ = {
			isa = PBXGroup;
			children = (
				5016155118382EA4003AAD33 /* LogsHomeViewController.h */,
				5016155218382EA4003AAD33 /* LogsHomeViewController.m */,
				505674C61839A2FB00842CC0 /* AddHypertensionLogViewController.h */,
				505674C71839A2FB00842CC0 /* AddHypertensionLogViewController.m */,
				505674D7183BE11100842CC0 /* SecondaryLogViewController.h */,
				505674D8183BE11100842CC0 /* SecondaryLogViewController.m */,
				505674DA183C2F4E00842CC0 /* AddDiabetesLogTableViewController.h */,
				505674DB183C2F4E00842CC0 /* AddDiabetesLogTableViewController.m */,
				50312DF6183C701800717B6E /* LogTableViewController.h */,
				50312DF7183C701800717B6E /* LogTableViewController.m */,
				50312E00183CAA6C00717B6E /* DiabetesLogCell.h */,
				50312E01183CAA6C00717B6E /* DiabetesLogCell.m */,
				50312E03183CAA7A00717B6E /* HypertensionLogCell.h */,
				50312E04183CAA7A00717B6E /* HypertensionLogCell.m */,
				50312E06183CD22600717B6E /* AddHyperTensionLogTableViewController.h */,
				50312E07183CD22600717B6E /* AddHyperTensionLogTableViewController.m */,
				50312E09183CD90E00717B6E /* DiabetesLogViewController.h */,
				50312E0A183CD90E00717B6E /* DiabetesLogViewController.m */,
				50312E0C183CD91D00717B6E /* HypertensionLogViewController.h */,
				50312E0D183CD91D00717B6E /* HypertensionLogViewController.m */,
			);
			name = Logs;
			sourceTree = "<group>";
		};
		5056749F1838E93A00842CC0 /* Profile */ = {
			isa = PBXGroup;
			children = (
				505674921838D79B00842CC0 /* ProfileViewController.h */,
				505674931838D79B00842CC0 /* ProfileViewController.m */,
			);
			name = Profile;
			sourceTree = "<group>";
		};
		505674A01838E94300842CC0 /* Trends */ = {
			isa = PBXGroup;
			children = (
				5056749B1838E8FF00842CC0 /* TrendsHomeViewController.h */,
				5056749C1838E8FF00842CC0 /* TrendsHomeViewController.m */,
			);
			name = Trends;
			sourceTree = "<group>";
		};
/* End PBXGroup section */

/* Begin PBXNativeTarget section */
		413368771837757300617CC1 /* DiaBEATit */ = {
			isa = PBXNativeTarget;
			buildConfigurationList = 413368AA1837757300617CC1 /* Build configuration list for PBXNativeTarget "DiaBEATit" */;
			buildPhases = (
				413368741837757300617CC1 /* Sources */,
				413368751837757300617CC1 /* Frameworks */,
				413368761837757300617CC1 /* Resources */,
			);
			buildRules = (
			);
			dependencies = (
			);
			name = DiaBEATit;
			productName = DiaBEATit;
			productReference = 413368781837757300617CC1 /* DiaBEATit.app */;
			productType = "com.apple.product-type.application";
		};
		413368981837757300617CC1 /* DiaBEATitTests */ = {
			isa = PBXNativeTarget;
			buildConfigurationList = 413368AD1837757300617CC1 /* Build configuration list for PBXNativeTarget "DiaBEATitTests" */;
			buildPhases = (
				413368951837757300617CC1 /* Sources */,
				413368961837757300617CC1 /* Frameworks */,
				413368971837757300617CC1 /* Resources */,
			);
			buildRules = (
			);
			dependencies = (
				4133689F1837757300617CC1 /* PBXTargetDependency */,
			);
			name = DiaBEATitTests;
			productName = DiaBEATitTests;
			productReference = 413368991837757300617CC1 /* DiaBEATitTests.xctest */;
			productType = "com.apple.product-type.bundle.unit-test";
		};
/* End PBXNativeTarget section */

/* Begin PBXProject section */
		413368701837757300617CC1 /* Project object */ = {
			isa = PBXProject;
			attributes = {
				LastUpgradeCheck = 0500;
				ORGANIZATIONNAME = "App Jam";
				TargetAttributes = {
					413368981837757300617CC1 = {
						TestTargetID = 413368771837757300617CC1;
					};
				};
			};
			buildConfigurationList = 413368731837757300617CC1 /* Build configuration list for PBXProject "DiaBEATit" */;
			compatibilityVersion = "Xcode 3.2";
			developmentRegion = English;
			hasScannedForEncodings = 0;
			knownRegions = (
				en,
				Base,
			);
			mainGroup = 4133686F1837757300617CC1;
			productRefGroup = 413368791837757300617CC1 /* Products */;
			projectDirPath = "";
			projectRoot = "";
			targets = (
				413368771837757300617CC1 /* DiaBEATit */,
				413368981837757300617CC1 /* DiaBEATitTests */,
			);
		};
/* End PBXProject section */

/* Begin PBXResourcesBuildPhase section */
		413368761837757300617CC1 /* Resources */ = {
			isa = PBXResourcesBuildPhase;
			buildActionMask = 2147483647;
			files = (
				41AE2F97183C59DD0048B41B /* diaBEATit.sqlite3 in Resources */,
				413368941837757300617CC1 /* Images.xcassets in Resources */,
				5056748D1838D09000842CC0 /* 94-pill.png in Resources */,
				413368861837757300617CC1 /* InfoPlist.strings in Resources */,
				505674BD1838EDF200842CC0 /* diabeetus_29.png in Resources */,
				5056748F1838D0B300842CC0 /* 122-stats.png in Resources */,
				4133688F1837757300617CC1 /* Main.storyboard in Resources */,
				505674BE1838EDF200842CC0 /* diabeetus_40.png in Resources */,
				5056748B1838D07F00842CC0 /* 179-notepad.png in Resources */,
				505674BF1838EDF200842CC0 /* diabeetus_60.png in Resources */,
				50312DFB183C7B2600717B6E /* 10-medical.png in Resources */,
				505674911838D11A00842CC0 /* 111-user.png in Resources */,
			);
			runOnlyForDeploymentPostprocessing = 0;
		};
		413368971837757300617CC1 /* Resources */ = {
			isa = PBXResourcesBuildPhase;
			buildActionMask = 2147483647;
			files = (
				413368A51837757300617CC1 /* InfoPlist.strings in Resources */,
			);
			runOnlyForDeploymentPostprocessing = 0;
		};
/* End PBXResourcesBuildPhase section */

/* Begin PBXSourcesBuildPhase section */
		413368741837757300617CC1 /* Sources */ = {
			isa = PBXSourcesBuildPhase;
			buildActionMask = 2147483647;
			files = (
				5056748018386EEF00842CC0 /* MedicationTableViewCell.m in Sources */,
				5056749D1838E8FF00842CC0 /* TrendsHomeViewController.m in Sources */,
				50312E08183CD22600717B6E /* AddHyperTensionLogTableViewController.m in Sources */,
				505674DC183C2F4E00842CC0 /* AddDiabetesLogTableViewController.m in Sources */,
				5016155318382EA4003AAD33 /* LogsHomeViewController.m in Sources */,
				505674A31838E98900842CC0 /* Medication.m in Sources */,
				4133688C1837757300617CC1 /* AppDelegate.m in Sources */,
				50312E02183CAA6C00717B6E /* DiabetesLogCell.m in Sources */,
				50312E11183CDA3B00717B6E /* MedicationViewController.m in Sources */,
				505674C81839A2FB00842CC0 /* AddHypertensionLogViewController.m in Sources */,
				50312E05183CAA7A00717B6E /* HypertensionLogCell.m in Sources */,
				50312E0E183CD91D00717B6E /* HypertensionLogViewController.m in Sources */,
				505674A61838E9DD00842CC0 /* Profile.m in Sources */,
				505674AD1838EAB400842CC0 /* HypertensionLog.m in Sources */,
				50312DF8183C701800717B6E /* LogTableViewController.m in Sources */,
				505674861838A89100842CC0 /* SplashScreenViewController.m in Sources */,
				5056747D18386E2300842CC0 /* MedicationTableViewController.m in Sources */,
				505674AA1838EA2000842CC0 /* DiabetesLog.m in Sources */,
				50312E0B183CD90E00717B6E /* DiabetesLogViewController.m in Sources */,
				41AE2F9A183C5C9A0048B41B /* Exam.m in Sources */,
				413368881837757300617CC1 /* main.m in Sources */,
				50312DFE183C7C3F00717B6E /* ExamTableViewController.m in Sources */,
				505674941838D79B00842CC0 /* ProfileViewController.m in Sources */,
				5016156218384016003AAD33 /* SDSegmentedControl.m in Sources */,
				505674D9183BE11100842CC0 /* SecondaryLogViewController.m in Sources */,
				50312E14183CDE4400717B6E /* AddMedicationTableViewController.m in Sources */,
				5016155C18382EBE003AAD33 /* MedicationHomeViewController.m in Sources */,
			);
			runOnlyForDeploymentPostprocessing = 0;
		};
		413368951837757300617CC1 /* Sources */ = {
			isa = PBXSourcesBuildPhase;
			buildActionMask = 2147483647;
			files = (
				413368A71837757300617CC1 /* DiaBEATitTests.m in Sources */,
			);
			runOnlyForDeploymentPostprocessing = 0;
		};
/* End PBXSourcesBuildPhase section */

/* Begin PBXTargetDependency section */
		4133689F1837757300617CC1 /* PBXTargetDependency */ = {
			isa = PBXTargetDependency;
			target = 413368771837757300617CC1 /* DiaBEATit */;
			targetProxy = 4133689E1837757300617CC1 /* PBXContainerItemProxy */;
		};
/* End PBXTargetDependency section */

/* Begin PBXVariantGroup section */
		413368841837757300617CC1 /* InfoPlist.strings */ = {
			isa = PBXVariantGroup;
			children = (
				413368851837757300617CC1 /* en */,
			);
			name = InfoPlist.strings;
			sourceTree = "<group>";
		};
		4133688D1837757300617CC1 /* Main.storyboard */ = {
			isa = PBXVariantGroup;
			children = (
				4133688E1837757300617CC1 /* Base */,
			);
			name = Main.storyboard;
			sourceTree = "<group>";
		};
		413368A31837757300617CC1 /* InfoPlist.strings */ = {
			isa = PBXVariantGroup;
			children = (
				413368A41837757300617CC1 /* en */,
			);
			name = InfoPlist.strings;
			sourceTree = "<group>";
		};
/* End PBXVariantGroup section */

/* Begin XCBuildConfiguration section */
		413368A81837757300617CC1 /* Debug */ = {
			isa = XCBuildConfiguration;
			buildSettings = {
				ALWAYS_SEARCH_USER_PATHS = NO;
				ARCHS = "$(ARCHS_STANDARD_INCLUDING_64_BIT)";
				CLANG_CXX_LANGUAGE_STANDARD = "gnu++0x";
				CLANG_CXX_LIBRARY = "libc++";
				CLANG_ENABLE_MODULES = YES;
				CLANG_ENABLE_OBJC_ARC = YES;
				CLANG_WARN_BOOL_CONVERSION = YES;
				CLANG_WARN_CONSTANT_CONVERSION = YES;
				CLANG_WARN_DIRECT_OBJC_ISA_USAGE = YES_ERROR;
				CLANG_WARN_EMPTY_BODY = YES;
				CLANG_WARN_ENUM_CONVERSION = YES;
				CLANG_WARN_INT_CONVERSION = YES;
				CLANG_WARN_OBJC_ROOT_CLASS = YES_ERROR;
				CLANG_WARN__DUPLICATE_METHOD_MATCH = YES;
				"CODE_SIGN_IDENTITY[sdk=iphoneos*]" = "iPhone Developer";
				COPY_PHASE_STRIP = NO;
				GCC_C_LANGUAGE_STANDARD = gnu99;
				GCC_DYNAMIC_NO_PIC = NO;
				GCC_OPTIMIZATION_LEVEL = 0;
				GCC_PREPROCESSOR_DEFINITIONS = (
					"DEBUG=1",
					"$(inherited)",
				);
				GCC_SYMBOLS_PRIVATE_EXTERN = NO;
				GCC_WARN_64_TO_32_BIT_CONVERSION = YES;
				GCC_WARN_ABOUT_RETURN_TYPE = YES_ERROR;
				GCC_WARN_UNDECLARED_SELECTOR = YES;
				GCC_WARN_UNINITIALIZED_AUTOS = YES;
				GCC_WARN_UNUSED_FUNCTION = YES;
				GCC_WARN_UNUSED_VARIABLE = YES;
				IPHONEOS_DEPLOYMENT_TARGET = 7.0;
				ONLY_ACTIVE_ARCH = YES;
				SDKROOT = iphoneos;
			};
			name = Debug;
		};
		413368A91837757300617CC1 /* Release */ = {
			isa = XCBuildConfiguration;
			buildSettings = {
				ALWAYS_SEARCH_USER_PATHS = NO;
				ARCHS = "$(ARCHS_STANDARD_INCLUDING_64_BIT)";
				CLANG_CXX_LANGUAGE_STANDARD = "gnu++0x";
				CLANG_CXX_LIBRARY = "libc++";
				CLANG_ENABLE_MODULES = YES;
				CLANG_ENABLE_OBJC_ARC = YES;
				CLANG_WARN_BOOL_CONVERSION = YES;
				CLANG_WARN_CONSTANT_CONVERSION = YES;
				CLANG_WARN_DIRECT_OBJC_ISA_USAGE = YES_ERROR;
				CLANG_WARN_EMPTY_BODY = YES;
				CLANG_WARN_ENUM_CONVERSION = YES;
				CLANG_WARN_INT_CONVERSION = YES;
				CLANG_WARN_OBJC_ROOT_CLASS = YES_ERROR;
				CLANG_WARN__DUPLICATE_METHOD_MATCH = YES;
				"CODE_SIGN_IDENTITY[sdk=iphoneos*]" = "iPhone Developer";
				COPY_PHASE_STRIP = YES;
				ENABLE_NS_ASSERTIONS = NO;
				GCC_C_LANGUAGE_STANDARD = gnu99;
				GCC_WARN_64_TO_32_BIT_CONVERSION = YES;
				GCC_WARN_ABOUT_RETURN_TYPE = YES_ERROR;
				GCC_WARN_UNDECLARED_SELECTOR = YES;
				GCC_WARN_UNINITIALIZED_AUTOS = YES;
				GCC_WARN_UNUSED_FUNCTION = YES;
				GCC_WARN_UNUSED_VARIABLE = YES;
				IPHONEOS_DEPLOYMENT_TARGET = 7.0;
				SDKROOT = iphoneos;
				VALIDATE_PRODUCT = YES;
			};
			name = Release;
		};
		413368AB1837757300617CC1 /* Debug */ = {
			isa = XCBuildConfiguration;
			buildSettings = {
				ASSETCATALOG_COMPILER_APPICON_NAME = AppIcon;
				ASSETCATALOG_COMPILER_LAUNCHIMAGE_NAME = LaunchImage;
				GCC_PRECOMPILE_PREFIX_HEADER = YES;
				GCC_PREFIX_HEADER = "DiaBEATit/DiaBEATit-Prefix.pch";
				INFOPLIST_FILE = "DiaBEATit/DiaBEATit-Info.plist";
				IPHONEOS_DEPLOYMENT_TARGET = 7.0;
				PRODUCT_NAME = "$(TARGET_NAME)";
				TARGETED_DEVICE_FAMILY = "1,2";
				WRAPPER_EXTENSION = app;
			};
			name = Debug;
		};
		413368AC1837757300617CC1 /* Release */ = {
			isa = XCBuildConfiguration;
			buildSettings = {
				ASSETCATALOG_COMPILER_APPICON_NAME = AppIcon;
				ASSETCATALOG_COMPILER_LAUNCHIMAGE_NAME = LaunchImage;
				GCC_PRECOMPILE_PREFIX_HEADER = YES;
				GCC_PREFIX_HEADER = "DiaBEATit/DiaBEATit-Prefix.pch";
				INFOPLIST_FILE = "DiaBEATit/DiaBEATit-Info.plist";
				IPHONEOS_DEPLOYMENT_TARGET = 7.0;
				PRODUCT_NAME = "$(TARGET_NAME)";
				TARGETED_DEVICE_FAMILY = "1,2";
				WRAPPER_EXTENSION = app;
			};
			name = Release;
		};
		413368AE1837757300617CC1 /* Debug */ = {
			isa = XCBuildConfiguration;
			buildSettings = {
				ARCHS = "$(ARCHS_STANDARD_INCLUDING_64_BIT)";
				BUNDLE_LOADER = "$(BUILT_PRODUCTS_DIR)/DiaBEATit.app/DiaBEATit";
				FRAMEWORK_SEARCH_PATHS = (
					"$(SDKROOT)/Developer/Library/Frameworks",
					"$(inherited)",
					"$(DEVELOPER_FRAMEWORKS_DIR)",
				);
				GCC_PRECOMPILE_PREFIX_HEADER = YES;
				GCC_PREFIX_HEADER = "DiaBEATit/DiaBEATit-Prefix.pch";
				GCC_PREPROCESSOR_DEFINITIONS = (
					"DEBUG=1",
					"$(inherited)",
				);
				INFOPLIST_FILE = "DiaBEATitTests/DiaBEATitTests-Info.plist";
				PRODUCT_NAME = "$(TARGET_NAME)";
				TEST_HOST = "$(BUNDLE_LOADER)";
				WRAPPER_EXTENSION = xctest;
			};
			name = Debug;
		};
		413368AF1837757300617CC1 /* Release */ = {
			isa = XCBuildConfiguration;
			buildSettings = {
				ARCHS = "$(ARCHS_STANDARD_INCLUDING_64_BIT)";
				BUNDLE_LOADER = "$(BUILT_PRODUCTS_DIR)/DiaBEATit.app/DiaBEATit";
				FRAMEWORK_SEARCH_PATHS = (
					"$(SDKROOT)/Developer/Library/Frameworks",
					"$(inherited)",
					"$(DEVELOPER_FRAMEWORKS_DIR)",
				);
				GCC_PRECOMPILE_PREFIX_HEADER = YES;
				GCC_PREFIX_HEADER = "DiaBEATit/DiaBEATit-Prefix.pch";
				INFOPLIST_FILE = "DiaBEATitTests/DiaBEATitTests-Info.plist";
				PRODUCT_NAME = "$(TARGET_NAME)";
				TEST_HOST = "$(BUNDLE_LOADER)";
				WRAPPER_EXTENSION = xctest;
			};
			name = Release;
		};
/* End XCBuildConfiguration section */

/* Begin XCConfigurationList section */
		413368731837757300617CC1 /* Build configuration list for PBXProject "DiaBEATit" */ = {
			isa = XCConfigurationList;
			buildConfigurations = (
				413368A81837757300617CC1 /* Debug */,
				413368A91837757300617CC1 /* Release */,
			);
			defaultConfigurationIsVisible = 0;
			defaultConfigurationName = Release;
		};
		413368AA1837757300617CC1 /* Build configuration list for PBXNativeTarget "DiaBEATit" */ = {
			isa = XCConfigurationList;
			buildConfigurations = (
				413368AB1837757300617CC1 /* Debug */,
				413368AC1837757300617CC1 /* Release */,
			);
			defaultConfigurationIsVisible = 0;
			defaultConfigurationName = Release;
		};
		413368AD1837757300617CC1 /* Build configuration list for PBXNativeTarget "DiaBEATitTests" */ = {
			isa = XCConfigurationList;
			buildConfigurations = (
				413368AE1837757300617CC1 /* Debug */,
				413368AF1837757300617CC1 /* Release */,
			);
			defaultConfigurationIsVisible = 0;
			defaultConfigurationName = Release;
		};
/* End XCConfigurationList section */
	};
	rootObject = 413368701837757300617CC1 /* Project object */;
}
